// !$*UTF8*$!
{
	archiveVersion = 1;
	classes = {
	};
	objectVersion = 46;
	objects = {

/* Begin PBXBuildFile section */
		2D19C9B71B1D5B3A002A45BB /* GradientView.m in Sources */ = {isa = PBXBuildFile; fileRef = 2D19C9B61B1D5B3A002A45BB /* GradientView.m */; };
		2D19C9BB1B1D92FF002A45BB /* LandscapeViewController.m in Sources */ = {isa = PBXBuildFile; fileRef = 2D19C9B91B1D92FF002A45BB /* LandscapeViewController.m */; };
		2D63F19B1B152F6000E121DD /* main.m in Sources */ = {isa = PBXBuildFile; fileRef = 2D63F19A1B152F6000E121DD /* main.m */; };
		2D63F19E1B152F6000E121DD /* AppDelegate.m in Sources */ = {isa = PBXBuildFile; fileRef = 2D63F19D1B152F6000E121DD /* AppDelegate.m */; };
		2D63F1A61B152F6000E121DD /* Images.xcassets in Resources */ = {isa = PBXBuildFile; fileRef = 2D63F1A51B152F6000E121DD /* Images.xcassets */; };
		2D63F1B51B152F6000E121DD /* StoreSearchTests.m in Sources */ = {isa = PBXBuildFile; fileRef = 2D63F1B41B152F6000E121DD /* StoreSearchTests.m */; };
		2D63F1C11B1531DA00E121DD /* SearchViewController.m in Sources */ = {isa = PBXBuildFile; fileRef = 2D63F1BF1B1531DA00E121DD /* SearchViewController.m */; };
		2D63F1C51B155F2800E121DD /* SearchResult.m in Sources */ = {isa = PBXBuildFile; fileRef = 2D63F1C41B155F2800E121DD /* SearchResult.m */; };
		2D63F1CA1B15875B00E121DD /* SearchResultCell.m in Sources */ = {isa = PBXBuildFile; fileRef = 2D63F1C91B15875B00E121DD /* SearchResultCell.m */; };
		2D9CD3AE1B1FDF9A0000353A /* SearchViewController.xib in Resources */ = {isa = PBXBuildFile; fileRef = 2D9CD3B01B1FDF9A0000353A /* SearchViewController.xib */; };
		2D9CD3B31B1FE1E30000353A /* DetailViewController.xib in Resources */ = {isa = PBXBuildFile; fileRef = 2D9CD3B51B1FE1E30000353A /* DetailViewController.xib */; };
		2D9CD3B81B1FE37F0000353A /* SearchResultCell.xib in Resources */ = {isa = PBXBuildFile; fileRef = 2D9CD3BA1B1FE37F0000353A /* SearchResultCell.xib */; };
		2D9CD3BD1B1FE3C50000353A /* LandscapeViewController.xib in Resources */ = {isa = PBXBuildFile; fileRef = 2D9CD3BF1B1FE3C50000353A /* LandscapeViewController.xib */; };
		2DAD04FC1B1FEBC3004F50D7 /* Localizable.strings in Resources */ = {isa = PBXBuildFile; fileRef = 2DAD04FA1B1FEBC3004F50D7 /* Localizable.strings */; };
		2DAD05061B209134004F50D7 /* InfoPlist.strings in Resources */ = {isa = PBXBuildFile; fileRef = 2DAD05081B209134004F50D7 /* InfoPlist.strings */; };
		2DC75E251B1C927100411136 /* DetailViewController.m in Sources */ = {isa = PBXBuildFile; fileRef = 2DC75E231B1C927100411136 /* DetailViewController.m */; };
		2DD3D5051B1F0746005E7435 /* Search.m in Sources */ = {isa = PBXBuildFile; fileRef = 2DD3D5041B1F0746005E7435 /* Search.m */; };
		2DD5A09C1B1FD70800AE7181 /* NothingFoundCell.xib in Resources */ = {isa = PBXBuildFile; fileRef = 2DD5A09E1B1FD70800AE7181 /* NothingFoundCell.xib */; };
		2DD5A0A11B1FDCBF00AE7181 /* LoadingCell.xib in Resources */ = {isa = PBXBuildFile; fileRef = 2DD5A0A31B1FDCBF00AE7181 /* LoadingCell.xib */; };
		2DDF9CA31B211703005F53BB /* DetailViewController~ipad.xib in Resources */ = {isa = PBXBuildFile; fileRef = 2DDF9CA11B211703005F53BB /* DetailViewController~ipad.xib */; };
		E070BB668683D9A54472DBBA /* libPods-StoreSearch.a in Frameworks */ = {isa = PBXBuildFile; fileRef = 641B2217545A0403AF25339D /* libPods-StoreSearch.a */; };
/* End PBXBuildFile section */

/* Begin PBXContainerItemProxy section */
		2D63F1AF1B152F6000E121DD /* PBXContainerItemProxy */ = {
			isa = PBXContainerItemProxy;
			containerPortal = 2D63F18D1B152F6000E121DD /* Project object */;
			proxyType = 1;
			remoteGlobalIDString = 2D63F1941B152F6000E121DD;
			remoteInfo = StoreSearch;
		};
/* End PBXContainerItemProxy section */

/* Begin PBXFileReference section */
		2D19C9B51B1D5B3A002A45BB /* GradientView.h */ = {isa = PBXFileReference; fileEncoding = 4; lastKnownFileType = sourcecode.c.h; path = GradientView.h; sourceTree = "<group>"; };
		2D19C9B61B1D5B3A002A45BB /* GradientView.m */ = {isa = PBXFileReference; fileEncoding = 4; lastKnownFileType = sourcecode.c.objc; path = GradientView.m; sourceTree = "<group>"; };
		2D19C9B81B1D92FF002A45BB /* LandscapeViewController.h */ = {isa = PBXFileReference; fileEncoding = 4; lastKnownFileType = sourcecode.c.h; path = LandscapeViewController.h; sourceTree = "<group>"; };
		2D19C9B91B1D92FF002A45BB /* LandscapeViewController.m */ = {isa = PBXFileReference; fileEncoding = 4; lastKnownFileType = sourcecode.c.objc; path = LandscapeViewController.m; sourceTree = "<group>"; };
		2D63F1951B152F6000E121DD /* StoreSearch.app */ = {isa = PBXFileReference; explicitFileType = wrapper.application; includeInIndex = 0; path = StoreSearch.app; sourceTree = BUILT_PRODUCTS_DIR; };
		2D63F1991B152F6000E121DD /* Info.plist */ = {isa = PBXFileReference; lastKnownFileType = text.plist.xml; path = Info.plist; sourceTree = "<group>"; };
		2D63F19A1B152F6000E121DD /* main.m */ = {isa = PBXFileReference; lastKnownFileType = sourcecode.c.objc; path = main.m; sourceTree = "<group>"; };
		2D63F19C1B152F6000E121DD /* AppDelegate.h */ = {isa = PBXFileReference; lastKnownFileType = sourcecode.c.h; path = AppDelegate.h; sourceTree = "<group>"; };
		2D63F19D1B152F6000E121DD /* AppDelegate.m */ = {isa = PBXFileReference; lastKnownFileType = sourcecode.c.objc; path = AppDelegate.m; sourceTree = "<group>"; };
		2D63F1A51B152F6000E121DD /* Images.xcassets */ = {isa = PBXFileReference; lastKnownFileType = folder.assetcatalog; path = Images.xcassets; sourceTree = "<group>"; };
		2D63F1AE1B152F6000E121DD /* StoreSearchTests.xctest */ = {isa = PBXFileReference; explicitFileType = wrapper.cfbundle; includeInIndex = 0; path = StoreSearchTests.xctest; sourceTree = BUILT_PRODUCTS_DIR; };
		2D63F1B31B152F6000E121DD /* Info.plist */ = {isa = PBXFileReference; lastKnownFileType = text.plist.xml; path = Info.plist; sourceTree = "<group>"; };
		2D63F1B41B152F6000E121DD /* StoreSearchTests.m */ = {isa = PBXFileReference; lastKnownFileType = sourcecode.c.objc; path = StoreSearchTests.m; sourceTree = "<group>"; };
		2D63F1BE1B1531DA00E121DD /* SearchViewController.h */ = {isa = PBXFileReference; fileEncoding = 4; lastKnownFileType = sourcecode.c.h; path = SearchViewController.h; sourceTree = "<group>"; };
		2D63F1BF1B1531DA00E121DD /* SearchViewController.m */ = {isa = PBXFileReference; fileEncoding = 4; lastKnownFileType = sourcecode.c.objc; path = SearchViewController.m; sourceTree = "<group>"; };
		2D63F1C31B155F2800E121DD /* SearchResult.h */ = {isa = PBXFileReference; fileEncoding = 4; lastKnownFileType = sourcecode.c.h; path = SearchResult.h; sourceTree = "<group>"; };
		2D63F1C41B155F2800E121DD /* SearchResult.m */ = {isa = PBXFileReference; fileEncoding = 4; lastKnownFileType = sourcecode.c.objc; path = SearchResult.m; sourceTree = "<group>"; };
		2D63F1C81B15875B00E121DD /* SearchResultCell.h */ = {isa = PBXFileReference; fileEncoding = 4; lastKnownFileType = sourcecode.c.h; path = SearchResultCell.h; sourceTree = "<group>"; };
		2D63F1C91B15875B00E121DD /* SearchResultCell.m */ = {isa = PBXFileReference; fileEncoding = 4; lastKnownFileType = sourcecode.c.objc; path = SearchResultCell.m; sourceTree = "<group>"; };
		2D9CD3AF1B1FDF9A0000353A /* Base */ = {isa = PBXFileReference; lastKnownFileType = file.xib; name = Base; path = Base.lproj/SearchViewController.xib; sourceTree = "<group>"; };
		2D9CD3B21B1FDF9D0000353A /* zh-Hans */ = {isa = PBXFileReference; lastKnownFileType = text.plist.strings; name = "zh-Hans"; path = "zh-Hans.lproj/SearchViewController.strings"; sourceTree = "<group>"; };
		2D9CD3B41B1FE1E30000353A /* Base */ = {isa = PBXFileReference; lastKnownFileType = file.xib; name = Base; path = Base.lproj/DetailViewController.xib; sourceTree = "<group>"; };
		2D9CD3B71B1FE1E50000353A /* zh-Hans */ = {isa = PBXFileReference; lastKnownFileType = text.plist.strings; name = "zh-Hans"; path = "zh-Hans.lproj/DetailViewController.strings"; sourceTree = "<group>"; };
		2D9CD3B91B1FE37F0000353A /* Base */ = {isa = PBXFileReference; lastKnownFileType = file.xib; name = Base; path = Base.lproj/SearchResultCell.xib; sourceTree = "<group>"; };
		2D9CD3BC1B1FE3810000353A /* zh-Hans */ = {isa = PBXFileReference; lastKnownFileType = text.plist.strings; name = "zh-Hans"; path = "zh-Hans.lproj/SearchResultCell.strings"; sourceTree = "<group>"; };
		2D9CD3BE1B1FE3C50000353A /* Base */ = {isa = PBXFileReference; lastKnownFileType = file.xib; name = Base; path = Base.lproj/LandscapeViewController.xib; sourceTree = "<group>"; };
		2D9CD3C11B1FE3C70000353A /* zh-Hans */ = {isa = PBXFileReference; lastKnownFileType = text.plist.strings; name = "zh-Hans"; path = "zh-Hans.lproj/LandscapeViewController.strings"; sourceTree = "<group>"; };
		2DAD04FD1B1FEC79004F50D7 /* zh-Hans */ = {isa = PBXFileReference; lastKnownFileType = text.plist.strings; name = "zh-Hans"; path = "zh-Hans.lproj/Localizable.strings"; sourceTree = "<group>"; };
		2DAD05091B20913D004F50D7 /* en */ = {isa = PBXFileReference; lastKnownFileType = text.plist.strings; name = en; path = en.lproj/InfoPlist.strings; sourceTree = "<group>"; };
		2DAD050A1B20913E004F50D7 /* zh-Hans */ = {isa = PBXFileReference; lastKnownFileType = text.plist.strings; name = "zh-Hans"; path = "zh-Hans.lproj/InfoPlist.strings"; sourceTree = "<group>"; };
		2DAD050B1B2094B7004F50D7 /* en */ = {isa = PBXFileReference; lastKnownFileType = text.plist.strings; name = en; path = en.lproj/Localizable.strings; sourceTree = "<group>"; };
		2DC75E221B1C927100411136 /* DetailViewController.h */ = {isa = PBXFileReference; fileEncoding = 4; lastKnownFileType = sourcecode.c.h; path = DetailViewController.h; sourceTree = "<group>"; };
		2DC75E231B1C927100411136 /* DetailViewController.m */ = {isa = PBXFileReference; fileEncoding = 4; lastKnownFileType = sourcecode.c.objc; path = DetailViewController.m; sourceTree = "<group>"; };
		2DD3D5031B1F0746005E7435 /* Search.h */ = {isa = PBXFileReference; fileEncoding = 4; lastKnownFileType = sourcecode.c.h; path = Search.h; sourceTree = "<group>"; };
		2DD3D5041B1F0746005E7435 /* Search.m */ = {isa = PBXFileReference; fileEncoding = 4; lastKnownFileType = sourcecode.c.objc; path = Search.m; sourceTree = "<group>"; };
		2DD5A09F1B1FD83600AE7181 /* zh-Hans */ = {isa = PBXFileReference; lastKnownFileType = file.xib; name = "zh-Hans"; path = "zh-Hans.lproj/NothingFoundCell.xib"; sourceTree = "<group>"; };
		2DD5A0A01B1FDC6300AE7181 /* Base */ = {isa = PBXFileReference; lastKnownFileType = file.xib; name = Base; path = Base.lproj/NothingFoundCell.xib; sourceTree = "<group>"; };
		2DD5A0A21B1FDCBF00AE7181 /* Base */ = {isa = PBXFileReference; lastKnownFileType = file.xib; name = Base; path = Base.lproj/LoadingCell.xib; sourceTree = "<group>"; };
		2DD5A0A51B1FDCF300AE7181 /* zh-Hans */ = {isa = PBXFileReference; lastKnownFileType = text.plist.strings; name = "zh-Hans"; path = "zh-Hans.lproj/LoadingCell.strings"; sourceTree = "<group>"; };
		2DDF9CA21B211703005F53BB /* Base */ = {isa = PBXFileReference; lastKnownFileType = file.xib; name = Base; path = "Base.lproj/DetailViewController~ipad.xib"; sourceTree = "<group>"; };
		641B2217545A0403AF25339D /* libPods-StoreSearch.a */ = {isa = PBXFileReference; explicitFileType = archive.ar; includeInIndex = 0; path = "libPods-StoreSearch.a"; sourceTree = BUILT_PRODUCTS_DIR; };
		94C14715D350891D86B39A4C /* Pods-StoreSearch.release.xcconfig */ = {isa = PBXFileReference; includeInIndex = 1; lastKnownFileType = text.xcconfig; name = "Pods-StoreSearch.release.xcconfig"; path = "Pods/Target Support Files/Pods-StoreSearch/Pods-StoreSearch.release.xcconfig"; sourceTree = "<group>"; };
		D291C1B22203F054E139D631 /* Pods-StoreSearch.debug.xcconfig */ = {isa = PBXFileReference; includeInIndex = 1; lastKnownFileType = text.xcconfig; name = "Pods-StoreSearch.debug.xcconfig"; path = "Pods/Target Support Files/Pods-StoreSearch/Pods-StoreSearch.debug.xcconfig"; sourceTree = "<group>"; };
/* End PBXFileReference section */

/* Begin PBXFrameworksBuildPhase section */
		2D63F1921B152F6000E121DD /* Frameworks */ = {
			isa = PBXFrameworksBuildPhase;
			buildActionMask = 2147483647;
			files = (
				E070BB668683D9A54472DBBA /* libPods-StoreSearch.a in Frameworks */,
			);
			runOnlyForDeploymentPostprocessing = 0;
		};
		2D63F1AB1B152F6000E121DD /* Frameworks */ = {
			isa = PBXFrameworksBuildPhase;
			buildActionMask = 2147483647;
			files = (
			);
			runOnlyForDeploymentPostprocessing = 0;
		};
/* End PBXFrameworksBuildPhase section */

/* Begin PBXGroup section */
		2D63F18C1B152F6000E121DD = {
			isa = PBXGroup;
			children = (
				2D63F1971B152F6000E121DD /* StoreSearch */,
				2D63F1B11B152F6000E121DD /* StoreSearchTests */,
				2D63F1961B152F6000E121DD /* Products */,
				4A9C0F1E77FDF1A1FEDFAAD2 /* Pods */,
				73E23839A40D96C4ADB8AAEB /* Frameworks */,
			);
			sourceTree = "<group>";
		};
		2D63F1961B152F6000E121DD /* Products */ = {
			isa = PBXGroup;
			children = (
				2D63F1951B152F6000E121DD /* StoreSearch.app */,
				2D63F1AE1B152F6000E121DD /* StoreSearchTests.xctest */,
			);
			name = Products;
			sourceTree = "<group>";
		};
		2D63F1971B152F6000E121DD /* StoreSearch */ = {
			isa = PBXGroup;
			children = (
				2D63F19C1B152F6000E121DD /* AppDelegate.h */,
				2D63F19D1B152F6000E121DD /* AppDelegate.m */,
				2D63F1A51B152F6000E121DD /* Images.xcassets */,
				2D63F1981B152F6000E121DD /* Supporting Files */,
				2D63F1BE1B1531DA00E121DD /* SearchViewController.h */,
				2D63F1BF1B1531DA00E121DD /* SearchViewController.m */,
				2DC75E221B1C927100411136 /* DetailViewController.h */,
				2DC75E231B1C927100411136 /* DetailViewController.m */,
				2D9CD3B01B1FDF9A0000353A /* SearchViewController.xib */,
				2DD3D5031B1F0746005E7435 /* Search.h */,
				2DD3D5041B1F0746005E7435 /* Search.m */,
				2D63F1C31B155F2800E121DD /* SearchResult.h */,
				2D63F1C41B155F2800E121DD /* SearchResult.m */,
				2D9CD3BA1B1FE37F0000353A /* SearchResultCell.xib */,
				2D63F1C81B15875B00E121DD /* SearchResultCell.h */,
				2D63F1C91B15875B00E121DD /* SearchResultCell.m */,
				2DD5A09E1B1FD70800AE7181 /* NothingFoundCell.xib */,
				2DD5A0A31B1FDCBF00AE7181 /* LoadingCell.xib */,
				2DDF9CA11B211703005F53BB /* DetailViewController~ipad.xib */,
				2D9CD3B51B1FE1E30000353A /* DetailViewController.xib */,
				2D19C9B51B1D5B3A002A45BB /* GradientView.h */,
				2D19C9B61B1D5B3A002A45BB /* GradientView.m */,
				2D19C9B81B1D92FF002A45BB /* LandscapeViewController.h */,
				2D19C9B91B1D92FF002A45BB /* LandscapeViewController.m */,
				2D9CD3BF1B1FE3C50000353A /* LandscapeViewController.xib */,
			);
			path = StoreSearch;
			sourceTree = "<group>";
		};
		2D63F1981B152F6000E121DD /* Supporting Files */ = {
			isa = PBXGroup;
			children = (
				2DAD04FA1B1FEBC3004F50D7 /* Localizable.strings */,
				2DAD05081B209134004F50D7 /* InfoPlist.strings */,
				2D63F1991B152F6000E121DD /* Info.plist */,
				2D63F19A1B152F6000E121DD /* main.m */,
			);
			name = "Supporting Files";
			sourceTree = "<group>";
		};
		2D63F1B11B152F6000E121DD /* StoreSearchTests */ = {
			isa = PBXGroup;
			children = (
				2D63F1B41B152F6000E121DD /* StoreSearchTests.m */,
				2D63F1B21B152F6000E121DD /* Supporting Files */,
			);
			path = StoreSearchTests;
			sourceTree = "<group>";
		};
		2D63F1B21B152F6000E121DD /* Supporting Files */ = {
			isa = PBXGroup;
			children = (
				2D63F1B31B152F6000E121DD /* Info.plist */,
			);
			name = "Supporting Files";
			sourceTree = "<group>";
		};
		4A9C0F1E77FDF1A1FEDFAAD2 /* Pods */ = {
			isa = PBXGroup;
			children = (
				D291C1B22203F054E139D631 /* Pods-StoreSearch.debug.xcconfig */,
				94C14715D350891D86B39A4C /* Pods-StoreSearch.release.xcconfig */,
			);
			name = Pods;
			sourceTree = "<group>";
		};
		73E23839A40D96C4ADB8AAEB /* Frameworks */ = {
			isa = PBXGroup;
			children = (
				641B2217545A0403AF25339D /* libPods-StoreSearch.a */,
			);
			name = Frameworks;
			sourceTree = "<group>";
		};
/* End PBXGroup section */

/* Begin PBXNativeTarget section */
		2D63F1941B152F6000E121DD /* StoreSearch */ = {
			isa = PBXNativeTarget;
			buildConfigurationList = 2D63F1B81B152F6000E121DD /* Build configuration list for PBXNativeTarget "StoreSearch" */;
			buildPhases = (
				EBD083C7BF7B1FD80861B34A /* Check Pods Manifest.lock */,
				2D63F1911B152F6000E121DD /* Sources */,
				2D63F1921B152F6000E121DD /* Frameworks */,
				2D63F1931B152F6000E121DD /* Resources */,
				9EB4E03D2131AE5823A5A61E /* Copy Pods Resources */,
			);
			buildRules = (
			);
			dependencies = (
			);
			name = StoreSearch;
			productName = StoreSearch;
			productReference = 2D63F1951B152F6000E121DD /* StoreSearch.app */;
			productType = "com.apple.product-type.application";
		};
		2D63F1AD1B152F6000E121DD /* StoreSearchTests */ = {
			isa = PBXNativeTarget;
			buildConfigurationList = 2D63F1BB1B152F6000E121DD /* Build configuration list for PBXNativeTarget "StoreSearchTests" */;
			buildPhases = (
				2D63F1AA1B152F6000E121DD /* Sources */,
				2D63F1AB1B152F6000E121DD /* Frameworks */,
				2D63F1AC1B152F6000E121DD /* Resources */,
			);
			buildRules = (
			);
			dependencies = (
				2D63F1B01B152F6000E121DD /* PBXTargetDependency */,
			);
			name = StoreSearchTests;
			productName = StoreSearchTests;
			productReference = 2D63F1AE1B152F6000E121DD /* StoreSearchTests.xctest */;
			productType = "com.apple.product-type.bundle.unit-test";
		};
/* End PBXNativeTarget section */

/* Begin PBXProject section */
		2D63F18D1B152F6000E121DD /* Project object */ = {
			isa = PBXProject;
			attributes = {
				LastUpgradeCheck = 0630;
				ORGANIZATIONNAME = "陈旭";
				TargetAttributes = {
					2D63F1941B152F6000E121DD = {
						CreatedOnToolsVersion = 6.3.1;
					};
					2D63F1AD1B152F6000E121DD = {
						CreatedOnToolsVersion = 6.3.1;
						TestTargetID = 2D63F1941B152F6000E121DD;
					};
				};
			};
			buildConfigurationList = 2D63F1901B152F6000E121DD /* Build configuration list for PBXProject "StoreSearch" */;
			compatibilityVersion = "Xcode 3.2";
			developmentRegion = English;
			hasScannedForEncodings = 0;
			knownRegions = (
				en,
				"zh-Hans",
				Base,
			);
			mainGroup = 2D63F18C1B152F6000E121DD;
			productRefGroup = 2D63F1961B152F6000E121DD /* Products */;
			projectDirPath = "";
			projectRoot = "";
			targets = (
				2D63F1941B152F6000E121DD /* StoreSearch */,
				2D63F1AD1B152F6000E121DD /* StoreSearchTests */,
			);
		};
/* End PBXProject section */

/* Begin PBXResourcesBuildPhase section */
		2D63F1931B152F6000E121DD /* Resources */ = {
			isa = PBXResourcesBuildPhase;
			buildActionMask = 2147483647;
			files = (
				2D63F1A61B152F6000E121DD /* Images.xcassets in Resources */,
				2D9CD3B31B1FE1E30000353A /* DetailViewController.xib in Resources */,
				2DD5A0A11B1FDCBF00AE7181 /* LoadingCell.xib in Resources */,
				2D9CD3B81B1FE37F0000353A /* SearchResultCell.xib in Resources */,
				2DDF9CA31B211703005F53BB /* DetailViewController~ipad.xib in Resources */,
				2DD5A09C1B1FD70800AE7181 /* NothingFoundCell.xib in Resources */,
				2DAD04FC1B1FEBC3004F50D7 /* Localizable.strings in Resources */,
				2D9CD3BD1B1FE3C50000353A /* LandscapeViewController.xib in Resources */,
				2DAD05061B209134004F50D7 /* InfoPlist.strings in Resources */,
				2D9CD3AE1B1FDF9A0000353A /* SearchViewController.xib in Resources */,
			);
			runOnlyForDeploymentPostprocessing = 0;
		};
		2D63F1AC1B152F6000E121DD /* Resources */ = {
			isa = PBXResourcesBuildPhase;
			buildActionMask = 2147483647;
			files = (
			);
			runOnlyForDeploymentPostprocessing = 0;
		};
/* End PBXResourcesBuildPhase section */

/* Begin PBXShellScriptBuildPhase section */
		9EB4E03D2131AE5823A5A61E /* Copy Pods Resources */ = {
			isa = PBXShellScriptBuildPhase;
			buildActionMask = 2147483647;
			files = (
			);
			inputPaths = (
			);
			name = "Copy Pods Resources";
			outputPaths = (
			);
			runOnlyForDeploymentPostprocessing = 0;
			shellPath = /bin/sh;
			shellScript = "\"${SRCROOT}/Pods/Target Support Files/Pods-StoreSearch/Pods-StoreSearch-resources.sh\"\n";
			showEnvVarsInLog = 0;
		};
		EBD083C7BF7B1FD80861B34A /* Check Pods Manifest.lock */ = {
			isa = PBXShellScriptBuildPhase;
			buildActionMask = 2147483647;
			files = (
			);
			inputPaths = (
			);
			name = "Check Pods Manifest.lock";
			outputPaths = (
			);
			runOnlyForDeploymentPostprocessing = 0;
			shellPath = /bin/sh;
			shellScript = "diff \"${PODS_ROOT}/../Podfile.lock\" \"${PODS_ROOT}/Manifest.lock\" > /dev/null\nif [[ $? != 0 ]] ; then\n    cat << EOM\nerror: The sandbox is not in sync with the Podfile.lock. Run 'pod install' or update your CocoaPods installation.\nEOM\n    exit 1\nfi\n";
			showEnvVarsInLog = 0;
		};
/* End PBXShellScriptBuildPhase section */

/* Begin PBXSourcesBuildPhase section */
		2D63F1911B152F6000E121DD /* Sources */ = {
			isa = PBXSourcesBuildPhase;
			buildActionMask = 2147483647;
			files = (
				2DD3D5051B1F0746005E7435 /* Search.m in Sources */,
				2D63F19E1B152F6000E121DD /* AppDelegate.m in Sources */,
				2D63F1C11B1531DA00E121DD /* SearchViewController.m in Sources */,
				2D63F1CA1B15875B00E121DD /* SearchResultCell.m in Sources */,
				2D63F1C51B155F2800E121DD /* SearchResult.m in Sources */,
				2D63F19B1B152F6000E121DD /* main.m in Sources */,
				2D19C9B71B1D5B3A002A45BB /* GradientView.m in Sources */,
				2D19C9BB1B1D92FF002A45BB /* LandscapeViewController.m in Sources */,
				2DC75E251B1C927100411136 /* DetailViewController.m in Sources */,
			);
			runOnlyForDeploymentPostprocessing = 0;
		};
		2D63F1AA1B152F6000E121DD /* Sources */ = {
			isa = PBXSourcesBuildPhase;
			buildActionMask = 2147483647;
			files = (
				2D63F1B51B152F6000E121DD /* StoreSearchTests.m in Sources */,
			);
			runOnlyForDeploymentPostprocessing = 0;
		};
/* End PBXSourcesBuildPhase section */

/* Begin PBXTargetDependency section */
		2D63F1B01B152F6000E121DD /* PBXTargetDependency */ = {
			isa = PBXTargetDependency;
			target = 2D63F1941B152F6000E121DD /* StoreSearch */;
			targetProxy = 2D63F1AF1B152F6000E121DD /* PBXContainerItemProxy */;
		};
/* End PBXTargetDependency section */

/* Begin PBXVariantGroup section */
		2D9CD3B01B1FDF9A0000353A /* SearchViewController.xib */ = {
			isa = PBXVariantGroup;
			children = (
				2D9CD3AF1B1FDF9A0000353A /* Base */,
				2D9CD3B21B1FDF9D0000353A /* zh-Hans */,
			);
			name = SearchViewController.xib;
			sourceTree = "<group>";
		};
		2D9CD3B51B1FE1E30000353A /* DetailViewController.xib */ = {
			isa = PBXVariantGroup;
			children = (
				2D9CD3B41B1FE1E30000353A /* Base */,
				2D9CD3B71B1FE1E50000353A /* zh-Hans */,
			);
			name = DetailViewController.xib;
			sourceTree = "<group>";
		};
		2D9CD3BA1B1FE37F0000353A /* SearchResultCell.xib */ = {
			isa = PBXVariantGroup;
			children = (
				2D9CD3B91B1FE37F0000353A /* Base */,
				2D9CD3BC1B1FE3810000353A /* zh-Hans */,
			);
			name = SearchResultCell.xib;
			sourceTree = "<group>";
		};
		2D9CD3BF1B1FE3C50000353A /* LandscapeViewController.xib */ = {
			isa = PBXVariantGroup;
			children = (
				2D9CD3BE1B1FE3C50000353A /* Base */,
				2D9CD3C11B1FE3C70000353A /* zh-Hans */,
			);
			name = LandscapeViewController.xib;
			sourceTree = "<group>";
		};
		2DAD04FA1B1FEBC3004F50D7 /* Localizable.strings */ = {
			isa = PBXVariantGroup;
			children = (
				2DAD04FD1B1FEC79004F50D7 /* zh-Hans */,
				2DAD050B1B2094B7004F50D7 /* en */,
			);
			name = Localizable.strings;
			sourceTree = "<group>";
		};
		2DAD05081B209134004F50D7 /* InfoPlist.strings */ = {
			isa = PBXVariantGroup;
			children = (
				2DAD05091B20913D004F50D7 /* en */,
				2DAD050A1B20913E004F50D7 /* zh-Hans */,
			);
			name = InfoPlist.strings;
			sourceTree = "<group>";
		};
		2DD5A09E1B1FD70800AE7181 /* NothingFoundCell.xib */ = {
			isa = PBXVariantGroup;
			children = (
				2DD5A09F1B1FD83600AE7181 /* zh-Hans */,
				2DD5A0A01B1FDC6300AE7181 /* Base */,
			);
			name = NothingFoundCell.xib;
			sourceTree = "<group>";
		};
		2DD5A0A31B1FDCBF00AE7181 /* LoadingCell.xib */ = {
			isa = PBXVariantGroup;
			children = (
				2DD5A0A21B1FDCBF00AE7181 /* Base */,
				2DD5A0A51B1FDCF300AE7181 /* zh-Hans */,
			);
			name = LoadingCell.xib;
			sourceTree = "<group>";
		};
		2DDF9CA11B211703005F53BB /* DetailViewController~ipad.xib */ = {
			isa = PBXVariantGroup;
			children = (
				2DDF9CA21B211703005F53BB /* Base */,
			);
			name = "DetailViewController~ipad.xib";
			sourceTree = "<group>";
		};
/* End PBXVariantGroup section */

/* Begin XCBuildConfiguration section */
		2D63F1B61B152F6000E121DD /* Debug */ = {
			isa = XCBuildConfiguration;
			buildSettings = {
				ALWAYS_SEARCH_USER_PATHS = NO;
				CLANG_CXX_LANGUAGE_STANDARD = "gnu++0x";
				CLANG_CXX_LIBRARY = "libc++";
				CLANG_ENABLE_MODULES = YES;
				CLANG_ENABLE_OBJC_ARC = YES;
				CLANG_WARN_BOOL_CONVERSION = YES;
				CLANG_WARN_CONSTANT_CONVERSION = YES;
				CLANG_WARN_DIRECT_OBJC_ISA_USAGE = YES_ERROR;
				CLANG_WARN_EMPTY_BODY = YES;
				CLANG_WARN_ENUM_CONVERSION = YES;
				CLANG_WARN_INT_CONVERSION = YES;
				CLANG_WARN_OBJC_ROOT_CLASS = YES_ERROR;
				CLANG_WARN_UNREACHABLE_CODE = YES;
				CLANG_WARN__DUPLICATE_METHOD_MATCH = YES;
				"CODE_SIGN_IDENTITY[sdk=iphoneos*]" = "iPhone Developer";
				COPY_PHASE_STRIP = NO;
				DEBUG_INFORMATION_FORMAT = "dwarf-with-dsym";
				ENABLE_STRICT_OBJC_MSGSEND = YES;
				GCC_C_LANGUAGE_STANDARD = gnu99;
				GCC_DYNAMIC_NO_PIC = NO;
				GCC_NO_COMMON_BLOCKS = YES;
				GCC_OPTIMIZATION_LEVEL = 0;
				GCC_PREPROCESSOR_DEFINITIONS = (
					"DEBUG=1",
					"$(inherited)",
				);
				GCC_SYMBOLS_PRIVATE_EXTERN = NO;
				GCC_WARN_64_TO_32_BIT_CONVERSION = YES;
				GCC_WARN_ABOUT_RETURN_TYPE = YES_ERROR;
				GCC_WARN_UNDECLARED_SELECTOR = YES;
				GCC_WARN_UNINITIALIZED_AUTOS = YES_AGGRESSIVE;
				GCC_WARN_UNUSED_FUNCTION = YES;
				GCC_WARN_UNUSED_VARIABLE = YES;
				IPHONEOS_DEPLOYMENT_TARGET = 8.3;
				MTL_ENABLE_DEBUG_INFO = YES;
				ONLY_ACTIVE_ARCH = YES;
				SDKROOT = iphoneos;
			};
			name = Debug;
		};
		2D63F1B71B152F6000E121DD /* Release */ = {
			isa = XCBuildConfiguration;
			buildSettings = {
				ALWAYS_SEARCH_USER_PATHS = NO;
				CLANG_CXX_LANGUAGE_STANDARD = "gnu++0x";
				CLANG_CXX_LIBRARY = "libc++";
				CLANG_ENABLE_MODULES = YES;
				CLANG_ENABLE_OBJC_ARC = YES;
				CLANG_WARN_BOOL_CONVERSION = YES;
				CLANG_WARN_CONSTANT_CONVERSION = YES;
				CLANG_WARN_DIRECT_OBJC_ISA_USAGE = YES_ERROR;
				CLANG_WARN_EMPTY_BODY = YES;
				CLANG_WARN_ENUM_CONVERSION = YES;
				CLANG_WARN_INT_CONVERSION = YES;
				CLANG_WARN_OBJC_ROOT_CLASS = YES_ERROR;
				CLANG_WARN_UNREACHABLE_CODE = YES;
				CLANG_WARN__DUPLICATE_METHOD_MATCH = YES;
				"CODE_SIGN_IDENTITY[sdk=iphoneos*]" = "iPhone Developer";
				COPY_PHASE_STRIP = NO;
				DEBUG_INFORMATION_FORMAT = "dwarf-with-dsym";
				ENABLE_NS_ASSERTIONS = NO;
				ENABLE_STRICT_OBJC_MSGSEND = YES;
				GCC_C_LANGUAGE_STANDARD = gnu99;
				GCC_NO_COMMON_BLOCKS = YES;
				GCC_WARN_64_TO_32_BIT_CONVERSION = YES;
				GCC_WARN_ABOUT_RETURN_TYPE = YES_ERROR;
				GCC_WARN_UNDECLARED_SELECTOR = YES;
				GCC_WARN_UNINITIALIZED_AUTOS = YES_AGGRESSIVE;
				GCC_WARN_UNUSED_FUNCTION = YES;
				GCC_WARN_UNUSED_VARIABLE = YES;
				IPHONEOS_DEPLOYMENT_TARGET = 8.3;
				MTL_ENABLE_DEBUG_INFO = NO;
				SDKROOT = iphoneos;
				VALIDATE_PRODUCT = YES;
			};
			name = Release;
		};
		2D63F1B91B152F6000E121DD /* Debug */ = {
			isa = XCBuildConfiguration;
			baseConfigurationReference = D291C1B22203F054E139D631 /* Pods-StoreSearch.debug.xcconfig */;
			buildSettings = {
				ASSETCATALOG_COMPILER_APPICON_NAME = AppIcon;
				CLANG_STATIC_ANALYZER_MODE = deep;
				INFOPLIST_FILE = StoreSearch/Info.plist;
				LD_RUNPATH_SEARCH_PATHS = "$(inherited) @executable_path/Frameworks";
				PRODUCT_NAME = "$(TARGET_NAME)";
				RUN_CLANG_STATIC_ANALYZER = YES;
				TARGETED_DEVICE_FAMILY = "1,2";
				WARNING_CFLAGS = (
					"-Wall",
					"-Wextra",
					"-Wno-unused-parameter",
				);
			};
			name = Debug;
		};
		2D63F1BA1B152F6000E121DD /* Release */ = {
			isa = XCBuildConfiguration;
			baseConfigurationReference = 94C14715D350891D86B39A4C /* Pods-StoreSearch.release.xcconfig */;
			buildSettings = {
				ASSETCATALOG_COMPILER_APPICON_NAME = AppIcon;
				CLANG_STATIC_ANALYZER_MODE = deep;
				INFOPLIST_FILE = StoreSearch/Info.plist;
				LD_RUNPATH_SEARCH_PATHS = "$(inherited) @executable_path/Frameworks";
				PRODUCT_NAME = "$(TARGET_NAME)";
				RUN_CLANG_STATIC_ANALYZER = YES;
				TARGETED_DEVICE_FAMILY = "1,2";
				WARNING_CFLAGS = (
					"-Wall",
					"-Wextra",
					"-Wno-unused-parameter",
				);
			};
			name = Release;
		};
		2D63F1BC1B152F6000E121DD /* Debug */ = {
			isa = XCBuildConfiguration;
			buildSettings = {
				BUNDLE_LOADER = "$(TEST_HOST)";
				FRAMEWORK_SEARCH_PATHS = (
					"$(SDKROOT)/Developer/Library/Frameworks",
					"$(inherited)",
				);
				GCC_PREPROCESSOR_DEFINITIONS = (
					"DEBUG=1",
					"$(inherited)",
				);
				INFOPLIST_FILE = StoreSearchTests/Info.plist;
				LD_RUNPATH_SEARCH_PATHS = "$(inherited) @executable_path/Frameworks @loader_path/Frameworks";
				PRODUCT_NAME = "$(TARGET_NAME)";
				TEST_HOST = "$(BUILT_PRODUCTS_DIR)/StoreSearch.app/StoreSearch";
			};
			name = Debug;
		};
		2D63F1BD1B152F6000E121DD /* Release */ = {
			isa = XCBuildConfiguration;
			buildSettings = {
				BUNDLE_LOADER = "$(TEST_HOST)";
				FRAMEWORK_SEARCH_PATHS = (
					"$(SDKROOT)/Developer/Library/Frameworks",
					"$(inherited)",
				);
				INFOPLIST_FILE = StoreSearchTests/Info.plist;
				LD_RUNPATH_SEARCH_PATHS = "$(inherited) @executable_path/Frameworks @loader_path/Frameworks";
				PRODUCT_NAME = "$(TARGET_NAME)";
				TEST_HOST = "$(BUILT_PRODUCTS_DIR)/StoreSearch.app/StoreSearch";
			};
			name = Release;
		};
/* End XCBuildConfiguration section */

/* Begin XCConfigurationList section */
		2D63F1901B152F6000E121DD /* Build configuration list for PBXProject "StoreSearch" */ = {
			isa = XCConfigurationList;
			buildConfigurations = (
				2D63F1B61B152F6000E121DD /* Debug */,
				2D63F1B71B152F6000E121DD /* Release */,
			);
			defaultConfigurationIsVisible = 0;
			defaultConfigurationName = Release;
		};
		2D63F1B81B152F6000E121DD /* Build configuration list for PBXNativeTarget "StoreSearch" */ = {
			isa = XCConfigurationList;
			buildConfigurations = (
				2D63F1B91B152F6000E121DD /* Debug */,
				2D63F1BA1B152F6000E121DD /* Release */,
			);
			defaultConfigurationIsVisible = 0;
			defaultConfigurationName = Release;
		};
		2D63F1BB1B152F6000E121DD /* Build configuration list for PBXNativeTarget "StoreSearchTests" */ = {
			isa = XCConfigurationList;
			buildConfigurations = (
				2D63F1BC1B152F6000E121DD /* Debug */,
				2D63F1BD1B152F6000E121DD /* Release */,
			);
			defaultConfigurationIsVisible = 0;
			defaultConfigurationName = Release;
		};
/* End XCConfigurationList section */
	};
	rootObject = 2D63F18D1B152F6000E121DD /* Project object */;
}
